// !$*UTF8*$!
{
	archiveVersion = 1;
	classes = {
	};
	objectVersion = 50;
	objects = {

/* Begin PBXBuildFile section */
		CA107ADC21E314F500327490 /* Nunito-Italic.ttf in Resources */ = {isa = PBXBuildFile; fileRef = CA107AD921E314D600327490 /* Nunito-Italic.ttf */; };
		CA107ADD21E314F500327490 /* Nunito-BoldItalic.ttf in Resources */ = {isa = PBXBuildFile; fileRef = CA107ADA21E314E600327490 /* Nunito-BoldItalic.ttf */; };
		CA107ADE21E314F500327490 /* Nunito-SemiBoldItalic.ttf in Resources */ = {isa = PBXBuildFile; fileRef = CA107ADB21E314F200327490 /* Nunito-SemiBoldItalic.ttf */; };
		CA107AE021E3294A00327490 /* AddController.swift in Sources */ = {isa = PBXBuildFile; fileRef = CA107ADF21E3294A00327490 /* AddController.swift */; };
		CA18261321E40CF3002DC869 /* Colors.swift in Sources */ = {isa = PBXBuildFile; fileRef = CA18261221E40CF3002DC869 /* Colors.swift */; };
		CA427B6021E488440015CCD5 /* CalendarController.swift in Sources */ = {isa = PBXBuildFile; fileRef = CA427B5F21E488440015CCD5 /* CalendarController.swift */; };
		CA5E475F21DE09CE005606AA /* MenuCell.swift in Sources */ = {isa = PBXBuildFile; fileRef = CA5E475E21DE09CE005606AA /* MenuCell.swift */; };
		CA5E476821DED0DB005606AA /* CalendarCell.swift in Sources */ = {isa = PBXBuildFile; fileRef = CA5E476421DED0DB005606AA /* CalendarCell.swift */; };
		CA5E477E21DED2CC005606AA /* Nunito-Black.ttf in Resources */ = {isa = PBXBuildFile; fileRef = CA5E476F21DED2BC005606AA /* Nunito-Black.ttf */; };
		CA5E478021DED2CC005606AA /* Nunito-Bold.ttf in Resources */ = {isa = PBXBuildFile; fileRef = CA5E477121DED2BC005606AA /* Nunito-Bold.ttf */; };
		CA5E478221DED2CC005606AA /* Nunito-ExtraBold.ttf in Resources */ = {isa = PBXBuildFile; fileRef = CA5E477321DED2BC005606AA /* Nunito-ExtraBold.ttf */; };
		CA5E478421DED2CC005606AA /* Nunito-ExtraLight.ttf in Resources */ = {isa = PBXBuildFile; fileRef = CA5E477521DED2BC005606AA /* Nunito-ExtraLight.ttf */; };
		CA5E478721DED2CC005606AA /* Nunito-Light.ttf in Resources */ = {isa = PBXBuildFile; fileRef = CA5E477821DED2BC005606AA /* Nunito-Light.ttf */; };
		CA5E478921DED2CC005606AA /* Nunito-Regular.ttf in Resources */ = {isa = PBXBuildFile; fileRef = CA5E477A21DED2BC005606AA /* Nunito-Regular.ttf */; };
		CA5E478A21DED2CC005606AA /* Nunito-SemiBold.ttf in Resources */ = {isa = PBXBuildFile; fileRef = CA5E477B21DED2BC005606AA /* Nunito-SemiBold.ttf */; };
		CA5E478F21DF03D8005606AA /* HomeController.swift in Sources */ = {isa = PBXBuildFile; fileRef = CA5E478E21DF03D8005606AA /* HomeController.swift */; };
		CA5E479321DF058B005606AA /* RadialGradientView.swift in Sources */ = {isa = PBXBuildFile; fileRef = CA5E479221DF058B005606AA /* RadialGradientView.swift */; };
		CA5E479A21DF10E7005606AA /* BlockCalendarController.swift in Sources */ = {isa = PBXBuildFile; fileRef = CA5E479821DF10E6005606AA /* BlockCalendarController.swift */; };
		CA5E479B21DF10E7005606AA /* HeaderCell.swift in Sources */ = {isa = PBXBuildFile; fileRef = CA5E479921DF10E6005606AA /* HeaderCell.swift */; };
		CA5E479E21DF10EC005606AA /* GroupOverviewController.swift in Sources */ = {isa = PBXBuildFile; fileRef = CA5E479C21DF10EB005606AA /* GroupOverviewController.swift */; };
		CA5E479F21DF10EC005606AA /* GroupTableViewCell.swift in Sources */ = {isa = PBXBuildFile; fileRef = CA5E479D21DF10EC005606AA /* GroupTableViewCell.swift */; };
		CA5E47A421DF10F2005606AA /* TextSimilarityCheck.swift in Sources */ = {isa = PBXBuildFile; fileRef = CA5E47A021DF10F1005606AA /* TextSimilarityCheck.swift */; };
		CA5E47A521DF10F2005606AA /* PhotoProcessor.swift in Sources */ = {isa = PBXBuildFile; fileRef = CA5E47A121DF10F2005606AA /* PhotoProcessor.swift */; };
		CA5E47A621DF10F2005606AA /* DocumentScannerController.swift in Sources */ = {isa = PBXBuildFile; fileRef = CA5E47A221DF10F2005606AA /* DocumentScannerController.swift */; };
		CA5E47A721DF10F2005606AA /* TextSelectionController.swift in Sources */ = {isa = PBXBuildFile; fileRef = CA5E47A321DF10F2005606AA /* TextSelectionController.swift */; };
		CA5E47AA21DF10F7005606AA /* QRCode.swift in Sources */ = {isa = PBXBuildFile; fileRef = CA5E47A821DF10F7005606AA /* QRCode.swift */; };
		CA5E47AB21DF10F7005606AA /* CodeScannerController.swift in Sources */ = {isa = PBXBuildFile; fileRef = CA5E47A921DF10F7005606AA /* CodeScannerController.swift */; };
		CA5E47AF21DF10FC005606AA /* LocationController.swift in Sources */ = {isa = PBXBuildFile; fileRef = CA5E47AC21DF10FB005606AA /* LocationController.swift */; };
		CA5E47B021DF10FC005606AA /* EventCreationController.swift in Sources */ = {isa = PBXBuildFile; fileRef = CA5E47AD21DF10FB005606AA /* EventCreationController.swift */; };
		CA5E47B121DF10FC005606AA /* LocationCell.swift in Sources */ = {isa = PBXBuildFile; fileRef = CA5E47AE21DF10FB005606AA /* LocationCell.swift */; };
		CA8FE1AA21FA633500E9D812 /* Switch.swift in Sources */ = {isa = PBXBuildFile; fileRef = CA8FE1A921FA633500E9D812 /* Switch.swift */; };
		CA8FE1AC21FA6B4300E9D812 /* GroupCreationController.swift in Sources */ = {isa = PBXBuildFile; fileRef = CA8FE1AB21FA6B4300E9D812 /* GroupCreationController.swift */; };
		CA8FE1AF21FADF0000E9D812 /* FriendController.swift in Sources */ = {isa = PBXBuildFile; fileRef = CA8FE1AE21FADF0000E9D812 /* FriendController.swift */; };
		CA8FE1B121FADF5400E9D812 /* Group.swift in Sources */ = {isa = PBXBuildFile; fileRef = CA8FE1B021FADF5400E9D812 /* Group.swift */; };
		CA8FE1B521FAE9A200E9D812 /* FriendTableViewCell.swift in Sources */ = {isa = PBXBuildFile; fileRef = CA8FE1B421FAE9A200E9D812 /* FriendTableViewCell.swift */; };
		CAB33FB421E6F668007D1D3E /* EventController.swift in Sources */ = {isa = PBXBuildFile; fileRef = CAB33FB321E6F668007D1D3E /* EventController.swift */; };
		CAB33FB721E6F7E3007D1D3E /* HeaderView.swift in Sources */ = {isa = PBXBuildFile; fileRef = CAB33FB621E6F7E3007D1D3E /* HeaderView.swift */; };
		CAB33FB921E6F7ED007D1D3E /* EventCell.swift in Sources */ = {isa = PBXBuildFile; fileRef = CAB33FB821E6F7ED007D1D3E /* EventCell.swift */; };
		CAB33FBB21E70A7C007D1D3E /* TimeCell.swift in Sources */ = {isa = PBXBuildFile; fileRef = CAB33FBA21E70A7C007D1D3E /* TimeCell.swift */; };
		CAC263CA21C6C0EC0018EEA8 /* AppDelegate.swift in Sources */ = {isa = PBXBuildFile; fileRef = CAC263C921C6C0EC0018EEA8 /* AppDelegate.swift */; };
		CAC263D121C6C0EF0018EEA8 /* Assets.xcassets in Resources */ = {isa = PBXBuildFile; fileRef = CAC263D021C6C0EF0018EEA8 /* Assets.xcassets */; };
		CAC263D421C6C0EF0018EEA8 /* LaunchScreen.storyboard in Resources */ = {isa = PBXBuildFile; fileRef = CAC263D221C6C0EF0018EEA8 /* LaunchScreen.storyboard */; };
		CAC263E021C86EE70018EEA8 /* tessdata in Resources */ = {isa = PBXBuildFile; fileRef = CAC263DF21C86EE60018EEA8 /* tessdata */; };
		CACBC01C21DE030C0063BDDE /* ProfileController.swift in Sources */ = {isa = PBXBuildFile; fileRef = CACBC01B21DE030C0063BDDE /* ProfileController.swift */; };
		CACBC01E21DE04D80063BDDE /* MenuBar.swift in Sources */ = {isa = PBXBuildFile; fileRef = CACBC01D21DE04D80063BDDE /* MenuBar.swift */; };
		CADC5EA721E0641200E3097E /* GroupController.swift in Sources */ = {isa = PBXBuildFile; fileRef = CADC5EA621E0641200E3097E /* GroupController.swift */; };
		CADC5EA921E0AAA900E3097E /* LoginController.swift in Sources */ = {isa = PBXBuildFile; fileRef = CADC5EA821E0AAA900E3097E /* LoginController.swift */; };
		CADC5EAD21E13FF900E3097E /* Offside-Regular.ttf in Resources */ = {isa = PBXBuildFile; fileRef = CADC5EAC21E0AD9D00E3097E /* Offside-Regular.ttf */; };
		CAF809E921E1D00200313A82 /* MenuBarController.swift in Sources */ = {isa = PBXBuildFile; fileRef = CAF809E821E1D00200313A82 /* MenuBarController.swift */; };
		CAF809EB21E1EF3000313A82 /* Event.swift in Sources */ = {isa = PBXBuildFile; fileRef = CAF809EA21E1EF3000313A82 /* Event.swift */; };
		CAF809ED21E1F16500313A82 /* EventManager.swift in Sources */ = {isa = PBXBuildFile; fileRef = CAF809EC21E1F16500313A82 /* EventManager.swift */; };
		CAFB12AB21E4395300D88446 /* DropDownButton.swift in Sources */ = {isa = PBXBuildFile; fileRef = CAFB12AA21E4395300D88446 /* DropDownButton.swift */; };
		D963C3844E1FE7513B07D988 /* Pods_Lattice.framework in Frameworks */ = {isa = PBXBuildFile; fileRef = EEA05287BA8A88A675C58F70 /* Pods_Lattice.framework */; };
/* End PBXBuildFile section */

/* Begin PBXFileReference section */
		1938793CEDADB23B1D4E09DE /* Pods-Lattice.debug.xcconfig */ = {isa = PBXFileReference; includeInIndex = 1; lastKnownFileType = text.xcconfig; name = "Pods-Lattice.debug.xcconfig"; path = "Target Support Files/Pods-Lattice/Pods-Lattice.debug.xcconfig"; sourceTree = "<group>"; };
		4FBFE1793BE587CE39C06923 /* Pods-Lattice.release.xcconfig */ = {isa = PBXFileReference; includeInIndex = 1; lastKnownFileType = text.xcconfig; name = "Pods-Lattice.release.xcconfig"; path = "Target Support Files/Pods-Lattice/Pods-Lattice.release.xcconfig"; sourceTree = "<group>"; };
		CA107AD921E314D600327490 /* Nunito-Italic.ttf */ = {isa = PBXFileReference; lastKnownFileType = file; name = "Nunito-Italic.ttf"; path = "../../../../../Downloads/Nunito/Nunito-Italic.ttf"; sourceTree = "<group>"; };
		CA107ADA21E314E600327490 /* Nunito-BoldItalic.ttf */ = {isa = PBXFileReference; lastKnownFileType = file; name = "Nunito-BoldItalic.ttf"; path = "../../../../../Downloads/Nunito/Nunito-BoldItalic.ttf"; sourceTree = "<group>"; };
		CA107ADB21E314F200327490 /* Nunito-SemiBoldItalic.ttf */ = {isa = PBXFileReference; lastKnownFileType = file; name = "Nunito-SemiBoldItalic.ttf"; path = "../../../../../Downloads/Nunito/Nunito-SemiBoldItalic.ttf"; sourceTree = "<group>"; };
		CA107ADF21E3294A00327490 /* AddController.swift */ = {isa = PBXFileReference; lastKnownFileType = sourcecode.swift; path = AddController.swift; sourceTree = "<group>"; };
		CA18261221E40CF3002DC869 /* Colors.swift */ = {isa = PBXFileReference; lastKnownFileType = sourcecode.swift; path = Colors.swift; sourceTree = "<group>"; };
		CA427B5F21E488440015CCD5 /* CalendarController.swift */ = {isa = PBXFileReference; lastKnownFileType = sourcecode.swift; path = CalendarController.swift; sourceTree = "<group>"; };
		CA5E475E21DE09CE005606AA /* MenuCell.swift */ = {isa = PBXFileReference; lastKnownFileType = sourcecode.swift; path = MenuCell.swift; sourceTree = "<group>"; };
		CA5E476421DED0DB005606AA /* CalendarCell.swift */ = {isa = PBXFileReference; lastKnownFileType = sourcecode.swift; path = CalendarCell.swift; sourceTree = "<group>"; };
		CA5E476F21DED2BC005606AA /* Nunito-Black.ttf */ = {isa = PBXFileReference; lastKnownFileType = file; path = "Nunito-Black.ttf"; sourceTree = "<group>"; };
		CA5E477121DED2BC005606AA /* Nunito-Bold.ttf */ = {isa = PBXFileReference; lastKnownFileType = file; path = "Nunito-Bold.ttf"; sourceTree = "<group>"; };
		CA5E477321DED2BC005606AA /* Nunito-ExtraBold.ttf */ = {isa = PBXFileReference; lastKnownFileType = file; path = "Nunito-ExtraBold.ttf"; sourceTree = "<group>"; };
		CA5E477521DED2BC005606AA /* Nunito-ExtraLight.ttf */ = {isa = PBXFileReference; lastKnownFileType = file; path = "Nunito-ExtraLight.ttf"; sourceTree = "<group>"; };
		CA5E477821DED2BC005606AA /* Nunito-Light.ttf */ = {isa = PBXFileReference; lastKnownFileType = file; path = "Nunito-Light.ttf"; sourceTree = "<group>"; };
		CA5E477A21DED2BC005606AA /* Nunito-Regular.ttf */ = {isa = PBXFileReference; lastKnownFileType = file; path = "Nunito-Regular.ttf"; sourceTree = "<group>"; };
		CA5E477B21DED2BC005606AA /* Nunito-SemiBold.ttf */ = {isa = PBXFileReference; lastKnownFileType = file; path = "Nunito-SemiBold.ttf"; sourceTree = "<group>"; };
		CA5E478E21DF03D8005606AA /* HomeController.swift */ = {isa = PBXFileReference; lastKnownFileType = sourcecode.swift; path = HomeController.swift; sourceTree = "<group>"; };
		CA5E479221DF058B005606AA /* RadialGradientView.swift */ = {isa = PBXFileReference; lastKnownFileType = sourcecode.swift; path = RadialGradientView.swift; sourceTree = "<group>"; };
		CA5E479821DF10E6005606AA /* BlockCalendarController.swift */ = {isa = PBXFileReference; lastKnownFileType = sourcecode.swift; path = BlockCalendarController.swift; sourceTree = "<group>"; };
		CA5E479921DF10E6005606AA /* HeaderCell.swift */ = {isa = PBXFileReference; lastKnownFileType = sourcecode.swift; path = HeaderCell.swift; sourceTree = "<group>"; };
		CA5E479C21DF10EB005606AA /* GroupOverviewController.swift */ = {isa = PBXFileReference; lastKnownFileType = sourcecode.swift; path = GroupOverviewController.swift; sourceTree = "<group>"; };
		CA5E479D21DF10EC005606AA /* GroupTableViewCell.swift */ = {isa = PBXFileReference; lastKnownFileType = sourcecode.swift; path = GroupTableViewCell.swift; sourceTree = "<group>"; };
		CA5E47A021DF10F1005606AA /* TextSimilarityCheck.swift */ = {isa = PBXFileReference; lastKnownFileType = sourcecode.swift; path = TextSimilarityCheck.swift; sourceTree = "<group>"; };
		CA5E47A121DF10F2005606AA /* PhotoProcessor.swift */ = {isa = PBXFileReference; lastKnownFileType = sourcecode.swift; path = PhotoProcessor.swift; sourceTree = "<group>"; };
		CA5E47A221DF10F2005606AA /* DocumentScannerController.swift */ = {isa = PBXFileReference; lastKnownFileType = sourcecode.swift; path = DocumentScannerController.swift; sourceTree = "<group>"; };
		CA5E47A321DF10F2005606AA /* TextSelectionController.swift */ = {isa = PBXFileReference; lastKnownFileType = sourcecode.swift; path = TextSelectionController.swift; sourceTree = "<group>"; };
		CA5E47A821DF10F7005606AA /* QRCode.swift */ = {isa = PBXFileReference; lastKnownFileType = sourcecode.swift; path = QRCode.swift; sourceTree = "<group>"; };
		CA5E47A921DF10F7005606AA /* CodeScannerController.swift */ = {isa = PBXFileReference; lastKnownFileType = sourcecode.swift; path = CodeScannerController.swift; sourceTree = "<group>"; };
		CA5E47AC21DF10FB005606AA /* LocationController.swift */ = {isa = PBXFileReference; lastKnownFileType = sourcecode.swift; path = LocationController.swift; sourceTree = "<group>"; };
		CA5E47AD21DF10FB005606AA /* EventCreationController.swift */ = {isa = PBXFileReference; lastKnownFileType = sourcecode.swift; path = EventCreationController.swift; sourceTree = "<group>"; };
		CA5E47AE21DF10FB005606AA /* LocationCell.swift */ = {isa = PBXFileReference; lastKnownFileType = sourcecode.swift; path = LocationCell.swift; sourceTree = "<group>"; };
		CA8FE1A921FA633500E9D812 /* Switch.swift */ = {isa = PBXFileReference; lastKnownFileType = sourcecode.swift; path = Switch.swift; sourceTree = "<group>"; };
		CA8FE1AB21FA6B4300E9D812 /* GroupCreationController.swift */ = {isa = PBXFileReference; lastKnownFileType = sourcecode.swift; path = GroupCreationController.swift; sourceTree = "<group>"; };
		CA8FE1AE21FADF0000E9D812 /* FriendController.swift */ = {isa = PBXFileReference; lastKnownFileType = sourcecode.swift; path = FriendController.swift; sourceTree = "<group>"; };
		CA8FE1B021FADF5400E9D812 /* Group.swift */ = {isa = PBXFileReference; lastKnownFileType = sourcecode.swift; path = Group.swift; sourceTree = "<group>"; };
		CA8FE1B421FAE9A200E9D812 /* FriendTableViewCell.swift */ = {isa = PBXFileReference; lastKnownFileType = sourcecode.swift; path = FriendTableViewCell.swift; sourceTree = "<group>"; };
		CAB33FB321E6F668007D1D3E /* EventController.swift */ = {isa = PBXFileReference; lastKnownFileType = sourcecode.swift; path = EventController.swift; sourceTree = "<group>"; };
		CAB33FB621E6F7E3007D1D3E /* HeaderView.swift */ = {isa = PBXFileReference; lastKnownFileType = sourcecode.swift; path = HeaderView.swift; sourceTree = "<group>"; };
		CAB33FB821E6F7ED007D1D3E /* EventCell.swift */ = {isa = PBXFileReference; lastKnownFileType = sourcecode.swift; path = EventCell.swift; sourceTree = "<group>"; };
		CAB33FBA21E70A7C007D1D3E /* TimeCell.swift */ = {isa = PBXFileReference; lastKnownFileType = sourcecode.swift; path = TimeCell.swift; sourceTree = "<group>"; };
		CAC263C621C6C0EC0018EEA8 /* Lattice.app */ = {isa = PBXFileReference; explicitFileType = wrapper.application; includeInIndex = 0; path = Lattice.app; sourceTree = BUILT_PRODUCTS_DIR; };
		CAC263C921C6C0EC0018EEA8 /* AppDelegate.swift */ = {isa = PBXFileReference; lastKnownFileType = sourcecode.swift; path = AppDelegate.swift; sourceTree = "<group>"; };
		CAC263D021C6C0EF0018EEA8 /* Assets.xcassets */ = {isa = PBXFileReference; lastKnownFileType = folder.assetcatalog; path = Assets.xcassets; sourceTree = "<group>"; };
		CAC263D321C6C0EF0018EEA8 /* Base */ = {isa = PBXFileReference; lastKnownFileType = file.storyboard; name = Base; path = Base.lproj/LaunchScreen.storyboard; sourceTree = "<group>"; };
		CAC263D521C6C0EF0018EEA8 /* Info.plist */ = {isa = PBXFileReference; lastKnownFileType = text.plist.xml; path = Info.plist; sourceTree = "<group>"; };
		CAC263DF21C86EE60018EEA8 /* tessdata */ = {isa = PBXFileReference; lastKnownFileType = folder; path = tessdata; sourceTree = "<group>"; };
		CACBC01B21DE030C0063BDDE /* ProfileController.swift */ = {isa = PBXFileReference; lastKnownFileType = sourcecode.swift; path = ProfileController.swift; sourceTree = "<group>"; };
		CACBC01D21DE04D80063BDDE /* MenuBar.swift */ = {isa = PBXFileReference; lastKnownFileType = sourcecode.swift; path = MenuBar.swift; sourceTree = "<group>"; };
		CADC5EA621E0641200E3097E /* GroupController.swift */ = {isa = PBXFileReference; lastKnownFileType = sourcecode.swift; path = GroupController.swift; sourceTree = "<group>"; };
		CADC5EA821E0AAA900E3097E /* LoginController.swift */ = {isa = PBXFileReference; lastKnownFileType = sourcecode.swift; path = LoginController.swift; sourceTree = "<group>"; };
		CADC5EAC21E0AD9D00E3097E /* Offside-Regular.ttf */ = {isa = PBXFileReference; lastKnownFileType = file; path = "Offside-Regular.ttf"; sourceTree = "<group>"; };
		CAF809E821E1D00200313A82 /* MenuBarController.swift */ = {isa = PBXFileReference; lastKnownFileType = sourcecode.swift; path = MenuBarController.swift; sourceTree = "<group>"; };
		CAF809EA21E1EF3000313A82 /* Event.swift */ = {isa = PBXFileReference; lastKnownFileType = sourcecode.swift; path = Event.swift; sourceTree = "<group>"; };
		CAF809EC21E1F16500313A82 /* EventManager.swift */ = {isa = PBXFileReference; lastKnownFileType = sourcecode.swift; path = EventManager.swift; sourceTree = "<group>"; };
		CAFB12AA21E4395300D88446 /* DropDownButton.swift */ = {isa = PBXFileReference; lastKnownFileType = sourcecode.swift; path = DropDownButton.swift; sourceTree = "<group>"; };
		EEA05287BA8A88A675C58F70 /* Pods_Lattice.framework */ = {isa = PBXFileReference; explicitFileType = wrapper.framework; includeInIndex = 0; path = Pods_Lattice.framework; sourceTree = BUILT_PRODUCTS_DIR; };
/* End PBXFileReference section */

/* Begin PBXFrameworksBuildPhase section */
		CAC263C321C6C0EC0018EEA8 /* Frameworks */ = {
			isa = PBXFrameworksBuildPhase;
			buildActionMask = 2147483647;
			files = (
				D963C3844E1FE7513B07D988 /* Pods_Lattice.framework in Frameworks */,
			);
			runOnlyForDeploymentPostprocessing = 0;
		};
/* End PBXFrameworksBuildPhase section */

/* Begin PBXGroup section */
		4A43385EAE5CE7A19EE8DC3F /* Frameworks */ = {
			isa = PBXGroup;
			children = (
				EEA05287BA8A88A675C58F70 /* Pods_Lattice.framework */,
			);
			name = Frameworks;
			sourceTree = "<group>";
		};
		C1A00BF6D1D7F782DB07B02B /* Pods */ = {
			isa = PBXGroup;
			children = (
				1938793CEDADB23B1D4E09DE /* Pods-Lattice.debug.xcconfig */,
				4FBFE1793BE587CE39C06923 /* Pods-Lattice.release.xcconfig */,
			);
			path = Pods;
			sourceTree = "<group>";
		};
		CA427B6321E5931F0015CCD5 /* UI */ = {
			isa = PBXGroup;
			children = (
				CA5E479221DF058B005606AA /* RadialGradientView.swift */,
				CA8FE1A921FA633500E9D812 /* Switch.swift */,
				CAFB12AA21E4395300D88446 /* DropDownButton.swift */,
				CA18261221E40CF3002DC869 /* Colors.swift */,
			);
			path = UI;
			sourceTree = "<group>";
		};
		CA5E476E21DED2BC005606AA /* Nunito */ = {
			isa = PBXGroup;
			children = (
				CA107AD921E314D600327490 /* Nunito-Italic.ttf */,
				CA107ADA21E314E600327490 /* Nunito-BoldItalic.ttf */,
				CA107ADB21E314F200327490 /* Nunito-SemiBoldItalic.ttf */,
				CA5E476F21DED2BC005606AA /* Nunito-Black.ttf */,
				CA5E477121DED2BC005606AA /* Nunito-Bold.ttf */,
				CA5E477321DED2BC005606AA /* Nunito-ExtraBold.ttf */,
				CA5E477521DED2BC005606AA /* Nunito-ExtraLight.ttf */,
				CA5E477821DED2BC005606AA /* Nunito-Light.ttf */,
				CA5E477A21DED2BC005606AA /* Nunito-Regular.ttf */,
				CA5E477B21DED2BC005606AA /* Nunito-SemiBold.ttf */,
			);
			path = Nunito;
			sourceTree = "<group>";
		};
		CA5E47B221DF113C005606AA /* CalendarViews */ = {
			isa = PBXGroup;
			children = (
				CA5E479821DF10E6005606AA /* BlockCalendarController.swift */,
				CA5E476421DED0DB005606AA /* CalendarCell.swift */,
				CAB33FBA21E70A7C007D1D3E /* TimeCell.swift */,
				CA5E479921DF10E6005606AA /* HeaderCell.swift */,
			);
			path = CalendarViews;
			sourceTree = "<group>";
		};
		CA5E47B321DF1169005606AA /* GroupViews */ = {
			isa = PBXGroup;
			children = (
				CA5E479C21DF10EB005606AA /* GroupOverviewController.swift */,
				CA8FE1B021FADF5400E9D812 /* Group.swift */,
				CADC5EA621E0641200E3097E /* GroupController.swift */,
				CA8FE1AB21FA6B4300E9D812 /* GroupCreationController.swift */,
				CA5E479D21DF10EC005606AA /* GroupTableViewCell.swift */,
			);
			path = GroupViews;
			sourceTree = "<group>";
		};
		CA5E47B421DF116E005606AA /* TextProcessingViews */ = {
			isa = PBXGroup;
			children = (
				CA5E47A221DF10F2005606AA /* DocumentScannerController.swift */,
				CA5E47A121DF10F2005606AA /* PhotoProcessor.swift */,
				CA5E47A321DF10F2005606AA /* TextSelectionController.swift */,
				CA5E47A021DF10F1005606AA /* TextSimilarityCheck.swift */,
			);
			path = TextProcessingViews;
			sourceTree = "<group>";
		};
		CA5E47B521DF1172005606AA /* QRCodeViews */ = {
			isa = PBXGroup;
			children = (
				CA5E47A921DF10F7005606AA /* CodeScannerController.swift */,
				CA5E47A821DF10F7005606AA /* QRCode.swift */,
			);
			path = QRCodeViews;
			sourceTree = "<group>";
		};
		CA5E47B621DF1177005606AA /* EventViews */ = {
			isa = PBXGroup;
			children = (
				CA5E47AD21DF10FB005606AA /* EventCreationController.swift */,
				CAB33FB321E6F668007D1D3E /* EventController.swift */,
				CAB33FB821E6F7ED007D1D3E /* EventCell.swift */,
				CAB33FB621E6F7E3007D1D3E /* HeaderView.swift */,
			);
			path = EventViews;
			sourceTree = "<group>";
		};
		CA8FE1AD21FADE9300E9D812 /* FriendViews */ = {
			isa = PBXGroup;
			children = (
				CA8FE1AE21FADF0000E9D812 /* FriendController.swift */,
				CA8FE1B421FAE9A200E9D812 /* FriendTableViewCell.swift */,
			);
			path = FriendViews;
			sourceTree = "<group>";
		};
		CAB33FB521E6F7B1007D1D3E /* Unused Files */ = {
			isa = PBXGroup;
			children = (
				CA5E47AE21DF10FB005606AA /* LocationCell.swift */,
				CA5E47AC21DF10FB005606AA /* LocationController.swift */,
				CA5E47B421DF116E005606AA /* TextProcessingViews */,
			);
			path = "Unused Files";
			sourceTree = "<group>";
		};
		CAC263BD21C6C0EC0018EEA8 = {
			isa = PBXGroup;
			children = (
				CAC263C821C6C0EC0018EEA8 /* Lattice */,
				CAC263C721C6C0EC0018EEA8 /* Products */,
				C1A00BF6D1D7F782DB07B02B /* Pods */,
				4A43385EAE5CE7A19EE8DC3F /* Frameworks */,
			);
			sourceTree = "<group>";
		};
		CAC263C721C6C0EC0018EEA8 /* Products */ = {
			isa = PBXGroup;
			children = (
				CAC263C621C6C0EC0018EEA8 /* Lattice.app */,
			);
			name = Products;
			sourceTree = "<group>";
		};
		CAC263C821C6C0EC0018EEA8 /* Lattice */ = {
			isa = PBXGroup;
			children = (
				CAC263DF21C86EE60018EEA8 /* tessdata */,
				CAC263C921C6C0EC0018EEA8 /* AppDelegate.swift */,
				CAF809EC21E1F16500313A82 /* EventManager.swift */,
				CAF809EA21E1EF3000313A82 /* Event.swift */,
				CADC5EA821E0AAA900E3097E /* LoginController.swift */,
				CA5E478E21DF03D8005606AA /* HomeController.swift */,
				CACBC01B21DE030C0063BDDE /* ProfileController.swift */,
				CA107ADF21E3294A00327490 /* AddController.swift */,
				CA427B5F21E488440015CCD5 /* CalendarController.swift */,
				CAFB12A921E418CE00D88446 /* MenuBar */,
				CA5E47B221DF113C005606AA /* CalendarViews */,
				CA5E47B321DF1169005606AA /* GroupViews */,
				CA5E47B621DF1177005606AA /* EventViews */,
				CA8FE1AD21FADE9300E9D812 /* FriendViews */,
				CA427B6321E5931F0015CCD5 /* UI */,
				CA5E47B521DF1172005606AA /* QRCodeViews */,
				CAB33FB521E6F7B1007D1D3E /* Unused Files */,
				CADC5EAB21E0AD9600E3097E /* Fonts */,
				CAC263D021C6C0EF0018EEA8 /* Assets.xcassets */,
				CAC263D221C6C0EF0018EEA8 /* LaunchScreen.storyboard */,
				CAC263D521C6C0EF0018EEA8 /* Info.plist */,
			);
			path = Lattice;
			sourceTree = "<group>";
		};
		CADC5EAB21E0AD9600E3097E /* Fonts */ = {
			isa = PBXGroup;
			children = (
				CA5E476E21DED2BC005606AA /* Nunito */,
				CADC5EAC21E0AD9D00E3097E /* Offside-Regular.ttf */,
			);
			path = Fonts;
			sourceTree = "<group>";
		};
		CAFB12A921E418CE00D88446 /* MenuBar */ = {
			isa = PBXGroup;
			children = (
				CAF809E821E1D00200313A82 /* MenuBarController.swift */,
				CACBC01D21DE04D80063BDDE /* MenuBar.swift */,
				CA5E475E21DE09CE005606AA /* MenuCell.swift */,
			);
			path = MenuBar;
			sourceTree = "<group>";
		};
/* End PBXGroup section */

/* Begin PBXNativeTarget section */
		CAC263C521C6C0EC0018EEA8 /* Lattice */ = {
			isa = PBXNativeTarget;
			buildConfigurationList = CAC263D821C6C0EF0018EEA8 /* Build configuration list for PBXNativeTarget "Lattice" */;
			buildPhases = (
				8B74A2CF7312E918D4804477 /* [CP] Check Pods Manifest.lock */,
				CAC263C221C6C0EC0018EEA8 /* Sources */,
				CAC263C321C6C0EC0018EEA8 /* Frameworks */,
				CAC263C421C6C0EC0018EEA8 /* Resources */,
				2D1B8B06A686DCBD93EE08C5 /* [CP] Embed Pods Frameworks */,
			);
			buildRules = (
			);
			dependencies = (
			);
			name = Lattice;
			productName = Lattice;
			productReference = CAC263C621C6C0EC0018EEA8 /* Lattice.app */;
			productType = "com.apple.product-type.application";
		};
/* End PBXNativeTarget section */

/* Begin PBXProject section */
		CAC263BE21C6C0EC0018EEA8 /* Project object */ = {
			isa = PBXProject;
			attributes = {
				LastSwiftUpdateCheck = 1010;
				LastUpgradeCheck = 1010;
				ORGANIZATIONNAME = "Eli Zhang";
				TargetAttributes = {
					CAC263C521C6C0EC0018EEA8 = {
						CreatedOnToolsVersion = 10.1;
					};
				};
			};
			buildConfigurationList = CAC263C121C6C0EC0018EEA8 /* Build configuration list for PBXProject "Lattice" */;
			compatibilityVersion = "Xcode 9.3";
			developmentRegion = en;
			hasScannedForEncodings = 0;
			knownRegions = (
				en,
				Base,
			);
			mainGroup = CAC263BD21C6C0EC0018EEA8;
			productRefGroup = CAC263C721C6C0EC0018EEA8 /* Products */;
			projectDirPath = "";
			projectRoot = "";
			targets = (
				CAC263C521C6C0EC0018EEA8 /* Lattice */,
			);
		};
/* End PBXProject section */

/* Begin PBXResourcesBuildPhase section */
		CAC263C421C6C0EC0018EEA8 /* Resources */ = {
			isa = PBXResourcesBuildPhase;
			buildActionMask = 2147483647;
			files = (
				CA5E478A21DED2CC005606AA /* Nunito-SemiBold.ttf in Resources */,
				CA107ADC21E314F500327490 /* Nunito-Italic.ttf in Resources */,
				CAC263D421C6C0EF0018EEA8 /* LaunchScreen.storyboard in Resources */,
				CA5E478721DED2CC005606AA /* Nunito-Light.ttf in Resources */,
				CA5E478221DED2CC005606AA /* Nunito-ExtraBold.ttf in Resources */,
				CAC263E021C86EE70018EEA8 /* tessdata in Resources */,
				CA5E478921DED2CC005606AA /* Nunito-Regular.ttf in Resources */,
				CA5E478421DED2CC005606AA /* Nunito-ExtraLight.ttf in Resources */,
				CA107ADE21E314F500327490 /* Nunito-SemiBoldItalic.ttf in Resources */,
				CA5E478021DED2CC005606AA /* Nunito-Bold.ttf in Resources */,
				CADC5EAD21E13FF900E3097E /* Offside-Regular.ttf in Resources */,
				CAC263D121C6C0EF0018EEA8 /* Assets.xcassets in Resources */,
				CA5E477E21DED2CC005606AA /* Nunito-Black.ttf in Resources */,
				CA107ADD21E314F500327490 /* Nunito-BoldItalic.ttf in Resources */,
			);
			runOnlyForDeploymentPostprocessing = 0;
		};
/* End PBXResourcesBuildPhase section */

/* Begin PBXShellScriptBuildPhase section */
		2D1B8B06A686DCBD93EE08C5 /* [CP] Embed Pods Frameworks */ = {
			isa = PBXShellScriptBuildPhase;
			buildActionMask = 2147483647;
			files = (
			);
			inputFileListPaths = (
			);
			inputPaths = (
				"${PODS_ROOT}/Target Support Files/Pods-Lattice/Pods-Lattice-frameworks.sh",
				"${BUILT_PRODUCTS_DIR}/Alamofire/Alamofire.framework",
				"${BUILT_PRODUCTS_DIR}/AlamofireImage/AlamofireImage.framework",
				"${BUILT_PRODUCTS_DIR}/IRLDocumentScanner/IRLDocumentScanner.framework",
				"${BUILT_PRODUCTS_DIR}/JGProgressHUD/JGProgressHUD.framework",
				"${BUILT_PRODUCTS_DIR}/JTAppleCalendar/JTAppleCalendar.framework",
				"${BUILT_PRODUCTS_DIR}/SnapKit/SnapKit.framework",
				"${BUILT_PRODUCTS_DIR}/SwipeCellKit/SwipeCellKit.framework",
				"${BUILT_PRODUCTS_DIR}/TOCropViewController/TOCropViewController.framework",
				"${BUILT_PRODUCTS_DIR}/TesseractOCRiOS/TesseractOCR.framework",
			);
			name = "[CP] Embed Pods Frameworks";
			outputFileListPaths = (
			);
			outputPaths = (
				"${TARGET_BUILD_DIR}/${FRAMEWORKS_FOLDER_PATH}/Alamofire.framework",
				"${TARGET_BUILD_DIR}/${FRAMEWORKS_FOLDER_PATH}/AlamofireImage.framework",
				"${TARGET_BUILD_DIR}/${FRAMEWORKS_FOLDER_PATH}/IRLDocumentScanner.framework",
				"${TARGET_BUILD_DIR}/${FRAMEWORKS_FOLDER_PATH}/JGProgressHUD.framework",
				"${TARGET_BUILD_DIR}/${FRAMEWORKS_FOLDER_PATH}/JTAppleCalendar.framework",
				"${TARGET_BUILD_DIR}/${FRAMEWORKS_FOLDER_PATH}/SnapKit.framework",
				"${TARGET_BUILD_DIR}/${FRAMEWORKS_FOLDER_PATH}/SwipeCellKit.framework",
				"${TARGET_BUILD_DIR}/${FRAMEWORKS_FOLDER_PATH}/TOCropViewController.framework",
				"${TARGET_BUILD_DIR}/${FRAMEWORKS_FOLDER_PATH}/TesseractOCR.framework",
			);
			runOnlyForDeploymentPostprocessing = 0;
			shellPath = /bin/sh;
			shellScript = "\"${PODS_ROOT}/Target Support Files/Pods-Lattice/Pods-Lattice-frameworks.sh\"\n";
			showEnvVarsInLog = 0;
		};
		8B74A2CF7312E918D4804477 /* [CP] Check Pods Manifest.lock */ = {
			isa = PBXShellScriptBuildPhase;
			buildActionMask = 2147483647;
			files = (
			);
			inputFileListPaths = (
			);
			inputPaths = (
				"${PODS_PODFILE_DIR_PATH}/Podfile.lock",
				"${PODS_ROOT}/Manifest.lock",
			);
			name = "[CP] Check Pods Manifest.lock";
			outputFileListPaths = (
			);
			outputPaths = (
				"$(DERIVED_FILE_DIR)/Pods-Lattice-checkManifestLockResult.txt",
			);
			runOnlyForDeploymentPostprocessing = 0;
			shellPath = /bin/sh;
			shellScript = "diff \"${PODS_PODFILE_DIR_PATH}/Podfile.lock\" \"${PODS_ROOT}/Manifest.lock\" > /dev/null\nif [ $? != 0 ] ; then\n    # print error to STDERR\n    echo \"error: The sandbox is not in sync with the Podfile.lock. Run 'pod install' or update your CocoaPods installation.\" >&2\n    exit 1\nfi\n# This output is used by Xcode 'outputs' to avoid re-running this script phase.\necho \"SUCCESS\" > \"${SCRIPT_OUTPUT_FILE_0}\"\n";
			showEnvVarsInLog = 0;
		};
/* End PBXShellScriptBuildPhase section */

/* Begin PBXSourcesBuildPhase section */
		CAC263C221C6C0EC0018EEA8 /* Sources */ = {
			isa = PBXSourcesBuildPhase;
			buildActionMask = 2147483647;
			files = (
				CAF809E921E1D00200313A82 /* MenuBarController.swift in Sources */,
				CACBC01C21DE030C0063BDDE /* ProfileController.swift in Sources */,
				CAB33FB421E6F668007D1D3E /* EventController.swift in Sources */,
				CA5E47A421DF10F2005606AA /* TextSimilarityCheck.swift in Sources */,
				CA5E479321DF058B005606AA /* RadialGradientView.swift in Sources */,
				CA5E47AF21DF10FC005606AA /* LocationController.swift in Sources */,
				CAF809ED21E1F16500313A82 /* EventManager.swift in Sources */,
				CA8FE1AC21FA6B4300E9D812 /* GroupCreationController.swift in Sources */,
				CA5E475F21DE09CE005606AA /* MenuCell.swift in Sources */,
				CA5E479F21DF10EC005606AA /* GroupTableViewCell.swift in Sources */,
				CA8FE1B121FADF5400E9D812 /* Group.swift in Sources */,
				CAFB12AB21E4395300D88446 /* DropDownButton.swift in Sources */,
				CA5E47AB21DF10F7005606AA /* CodeScannerController.swift in Sources */,
				CA5E479E21DF10EC005606AA /* GroupOverviewController.swift in Sources */,
				CAB33FB921E6F7ED007D1D3E /* EventCell.swift in Sources */,
				CA18261321E40CF3002DC869 /* Colors.swift in Sources */,
				CA5E479A21DF10E7005606AA /* BlockCalendarController.swift in Sources */,
				CA8FE1B521FAE9A200E9D812 /* FriendTableViewCell.swift in Sources */,
				CADC5EA921E0AAA900E3097E /* LoginController.swift in Sources */,
				CA5E47A721DF10F2005606AA /* TextSelectionController.swift in Sources */,
				CADC5EA721E0641200E3097E /* GroupController.swift in Sources */,
				CAC263CA21C6C0EC0018EEA8 /* AppDelegate.swift in Sources */,
				CA8FE1AA21FA633500E9D812 /* Switch.swift in Sources */,
				CA5E47AA21DF10F7005606AA /* QRCode.swift in Sources */,
				CA5E479B21DF10E7005606AA /* HeaderCell.swift in Sources */,
				CA107AE021E3294A00327490 /* AddController.swift in Sources */,
				CAF809EB21E1EF3000313A82 /* Event.swift in Sources */,
				CA8FE1AF21FADF0000E9D812 /* FriendController.swift in Sources */,
				CA5E478F21DF03D8005606AA /* HomeController.swift in Sources */,
				CAB33FBB21E70A7C007D1D3E /* TimeCell.swift in Sources */,
				CAB33FB721E6F7E3007D1D3E /* HeaderView.swift in Sources */,
				CA5E47B021DF10FC005606AA /* EventCreationController.swift in Sources */,
				CACBC01E21DE04D80063BDDE /* MenuBar.swift in Sources */,
				CA5E476821DED0DB005606AA /* CalendarCell.swift in Sources */,
				CA5E47B121DF10FC005606AA /* LocationCell.swift in Sources */,
				CA5E47A521DF10F2005606AA /* PhotoProcessor.swift in Sources */,
				CA5E47A621DF10F2005606AA /* DocumentScannerController.swift in Sources */,
				CA427B6021E488440015CCD5 /* CalendarController.swift in Sources */,
			);
			runOnlyForDeploymentPostprocessing = 0;
		};
/* End PBXSourcesBuildPhase section */

/* Begin PBXVariantGroup section */
		CAC263D221C6C0EF0018EEA8 /* LaunchScreen.storyboard */ = {
			isa = PBXVariantGroup;
			children = (
				CAC263D321C6C0EF0018EEA8 /* Base */,
			);
			name = LaunchScreen.storyboard;
			sourceTree = "<group>";
		};
/* End PBXVariantGroup section */

/* Begin XCBuildConfiguration section */
		CAC263D621C6C0EF0018EEA8 /* Debug */ = {
			isa = XCBuildConfiguration;
			buildSettings = {
				ALWAYS_SEARCH_USER_PATHS = NO;
				CLANG_ANALYZER_NONNULL = YES;
				CLANG_ANALYZER_NUMBER_OBJECT_CONVERSION = YES_AGGRESSIVE;
				CLANG_CXX_LANGUAGE_STANDARD = "gnu++14";
				CLANG_CXX_LIBRARY = "libc++";
				CLANG_ENABLE_MODULES = YES;
				CLANG_ENABLE_OBJC_ARC = YES;
				CLANG_ENABLE_OBJC_WEAK = YES;
				CLANG_WARN_BLOCK_CAPTURE_AUTORELEASING = YES;
				CLANG_WARN_BOOL_CONVERSION = YES;
				CLANG_WARN_COMMA = YES;
				CLANG_WARN_CONSTANT_CONVERSION = YES;
				CLANG_WARN_DEPRECATED_OBJC_IMPLEMENTATIONS = YES;
				CLANG_WARN_DIRECT_OBJC_ISA_USAGE = YES_ERROR;
				CLANG_WARN_DOCUMENTATION_COMMENTS = YES;
				CLANG_WARN_EMPTY_BODY = YES;
				CLANG_WARN_ENUM_CONVERSION = YES;
				CLANG_WARN_INFINITE_RECURSION = YES;
				CLANG_WARN_INT_CONVERSION = YES;
				CLANG_WARN_NON_LITERAL_NULL_CONVERSION = YES;
				CLANG_WARN_OBJC_IMPLICIT_RETAIN_SELF = YES;
				CLANG_WARN_OBJC_LITERAL_CONVERSION = YES;
				CLANG_WARN_OBJC_ROOT_CLASS = YES_ERROR;
				CLANG_WARN_RANGE_LOOP_ANALYSIS = YES;
				CLANG_WARN_STRICT_PROTOTYPES = YES;
				CLANG_WARN_SUSPICIOUS_MOVE = YES;
				CLANG_WARN_UNGUARDED_AVAILABILITY = YES_AGGRESSIVE;
				CLANG_WARN_UNREACHABLE_CODE = YES;
				CLANG_WARN__DUPLICATE_METHOD_MATCH = YES;
				CODE_SIGN_IDENTITY = "iPhone Developer";
				COPY_PHASE_STRIP = NO;
				DEBUG_INFORMATION_FORMAT = dwarf;
				ENABLE_STRICT_OBJC_MSGSEND = YES;
				ENABLE_TESTABILITY = YES;
				GCC_C_LANGUAGE_STANDARD = gnu11;
				GCC_DYNAMIC_NO_PIC = NO;
				GCC_NO_COMMON_BLOCKS = YES;
				GCC_OPTIMIZATION_LEVEL = 0;
				GCC_PREPROCESSOR_DEFINITIONS = (
					"DEBUG=1",
					"$(inherited)",
				);
				GCC_WARN_64_TO_32_BIT_CONVERSION = YES;
				GCC_WARN_ABOUT_RETURN_TYPE = YES_ERROR;
				GCC_WARN_UNDECLARED_SELECTOR = YES;
				GCC_WARN_UNINITIALIZED_AUTOS = YES_AGGRESSIVE;
				GCC_WARN_UNUSED_FUNCTION = YES;
				GCC_WARN_UNUSED_VARIABLE = YES;
				IPHONEOS_DEPLOYMENT_TARGET = 12.1;
				MTL_ENABLE_DEBUG_INFO = INCLUDE_SOURCE;
				MTL_FAST_MATH = YES;
				ONLY_ACTIVE_ARCH = YES;
				SDKROOT = iphoneos;
				SWIFT_ACTIVE_COMPILATION_CONDITIONS = DEBUG;
				SWIFT_OPTIMIZATION_LEVEL = "-Onone";
			};
			name = Debug;
		};
		CAC263D721C6C0EF0018EEA8 /* Release */ = {
			isa = XCBuildConfiguration;
			buildSettings = {
				ALWAYS_SEARCH_USER_PATHS = NO;
				CLANG_ANALYZER_NONNULL = YES;
				CLANG_ANALYZER_NUMBER_OBJECT_CONVERSION = YES_AGGRESSIVE;
				CLANG_CXX_LANGUAGE_STANDARD = "gnu++14";
				CLANG_CXX_LIBRARY = "libc++";
				CLANG_ENABLE_MODULES = YES;
				CLANG_ENABLE_OBJC_ARC = YES;
				CLANG_ENABLE_OBJC_WEAK = YES;
				CLANG_WARN_BLOCK_CAPTURE_AUTORELEASING = YES;
				CLANG_WARN_BOOL_CONVERSION = YES;
				CLANG_WARN_COMMA = YES;
				CLANG_WARN_CONSTANT_CONVERSION = YES;
				CLANG_WARN_DEPRECATED_OBJC_IMPLEMENTATIONS = YES;
				CLANG_WARN_DIRECT_OBJC_ISA_USAGE = YES_ERROR;
				CLANG_WARN_DOCUMENTATION_COMMENTS = YES;
				CLANG_WARN_EMPTY_BODY = YES;
				CLANG_WARN_ENUM_CONVERSION = YES;
				CLANG_WARN_INFINITE_RECURSION = YES;
				CLANG_WARN_INT_CONVERSION = YES;
				CLANG_WARN_NON_LITERAL_NULL_CONVERSION = YES;
				CLANG_WARN_OBJC_IMPLICIT_RETAIN_SELF = YES;
				CLANG_WARN_OBJC_LITERAL_CONVERSION = YES;
				CLANG_WARN_OBJC_ROOT_CLASS = YES_ERROR;
				CLANG_WARN_RANGE_LOOP_ANALYSIS = YES;
				CLANG_WARN_STRICT_PROTOTYPES = YES;
				CLANG_WARN_SUSPICIOUS_MOVE = YES;
				CLANG_WARN_UNGUARDED_AVAILABILITY = YES_AGGRESSIVE;
				CLANG_WARN_UNREACHABLE_CODE = YES;
				CLANG_WARN__DUPLICATE_METHOD_MATCH = YES;
				CODE_SIGN_IDENTITY = "iPhone Developer";
				COPY_PHASE_STRIP = NO;
				DEBUG_INFORMATION_FORMAT = "dwarf-with-dsym";
				ENABLE_NS_ASSERTIONS = NO;
				ENABLE_STRICT_OBJC_MSGSEND = YES;
				GCC_C_LANGUAGE_STANDARD = gnu11;
				GCC_NO_COMMON_BLOCKS = YES;
				GCC_WARN_64_TO_32_BIT_CONVERSION = YES;
				GCC_WARN_ABOUT_RETURN_TYPE = YES_ERROR;
				GCC_WARN_UNDECLARED_SELECTOR = YES;
				GCC_WARN_UNINITIALIZED_AUTOS = YES_AGGRESSIVE;
				GCC_WARN_UNUSED_FUNCTION = YES;
				GCC_WARN_UNUSED_VARIABLE = YES;
				IPHONEOS_DEPLOYMENT_TARGET = 12.1;
				MTL_ENABLE_DEBUG_INFO = NO;
				MTL_FAST_MATH = YES;
				SDKROOT = iphoneos;
				SWIFT_COMPILATION_MODE = wholemodule;
				SWIFT_OPTIMIZATION_LEVEL = "-O";
				VALIDATE_PRODUCT = YES;
			};
			name = Release;
		};
		CAC263D921C6C0EF0018EEA8 /* Debug */ = {
			isa = XCBuildConfiguration;
			baseConfigurationReference = 1938793CEDADB23B1D4E09DE /* Pods-Lattice.debug.xcconfig */;
			buildSettings = {
				ASSETCATALOG_COMPILER_APPICON_NAME = AppIcon;
				CODE_SIGN_STYLE = Automatic;
				DEVELOPMENT_TEAM = 37AKFHT6H5;
				ENABLE_BITCODE = NO;
				INFOPLIST_FILE = Lattice/Info.plist;
				IPHONEOS_DEPLOYMENT_TARGET = 11.0;
				LD_RUNPATH_SEARCH_PATHS = (
					"$(inherited)",
					"@executable_path/Frameworks",
				);
				PRODUCT_BUNDLE_IDENTIFIER = com.elizhang.Lattice;
				PRODUCT_NAME = "$(TARGET_NAME)";
				SWIFT_VERSION = 4.2;
				TARGETED_DEVICE_FAMILY = "1,2";
			};
			name = Debug;
		};
		CAC263DA21C6C0EF0018EEA8 /* Release */ = {
			isa = XCBuildConfiguration;
			baseConfigurationReference = 4FBFE1793BE587CE39C06923 /* Pods-Lattice.release.xcconfig */;
			buildSettings = {
				ASSETCATALOG_COMPILER_APPICON_NAME = AppIcon;
				CODE_SIGN_STYLE = Automatic;
				DEVELOPMENT_TEAM = 37AKFHT6H5;
				ENABLE_BITCODE = NO;
				INFOPLIST_FILE = Lattice/Info.plist;
				IPHONEOS_DEPLOYMENT_TARGET = 11.0;
				LD_RUNPATH_SEARCH_PATHS = (
					"$(inherited)",
					"@executable_path/Frameworks",
				);
				PRODUCT_BUNDLE_IDENTIFIER = com.elizhang.Lattice;
				PRODUCT_NAME = "$(TARGET_NAME)";
				SWIFT_VERSION = 4.2;
				TARGETED_DEVICE_FAMILY = "1,2";
			};
			name = Release;
		};
/* End XCBuildConfiguration section */

/* Begin XCConfigurationList section */
		CAC263C121C6C0EC0018EEA8 /* Build configuration list for PBXProject "Lattice" */ = {
			isa = XCConfigurationList;
			buildConfigurations = (
				CAC263D621C6C0EF0018EEA8 /* Debug */,
				CAC263D721C6C0EF0018EEA8 /* Release */,
			);
			defaultConfigurationIsVisible = 0;
			defaultConfigurationName = Release;
		};
		CAC263D821C6C0EF0018EEA8 /* Build configuration list for PBXNativeTarget "Lattice" */ = {
			isa = XCConfigurationList;
			buildConfigurations = (
				CAC263D921C6C0EF0018EEA8 /* Debug */,
				CAC263DA21C6C0EF0018EEA8 /* Release */,
			);
			defaultConfigurationIsVisible = 0;
			defaultConfigurationName = Release;
		};
/* End XCConfigurationList section */
	};
	rootObject = CAC263BE21C6C0EC0018EEA8 /* Project object */;
}
